
Microsoft Visual Studio Solution File, Format Version 12.00
# Visual Studio Version 16
VisualStudioVersion = 16.0.29709.97
MinimumVisualStudioVersion = 10.0.40219.1
Project("{2150E333-8FDC-42A3-9474-1A3956D46DE8}") = "paket", "paket", "{FD19C014-38B5-41CE-A1CA-CB54235BA6E6}"
	ProjectSection(SolutionItems) = preProject
		paket.dependencies = paket.dependencies
		paket.lock = paket.lock
	EndProjectSection
EndProject
Project("{6EC3EE1D-3C4E-46DD-8F32-0CC8E7565705}") = "Quibble", "src\Quibble\Quibble.fsproj", "{B7729F25-CB39-4699-922D-84232BD7C8BB}"
EndProject
Project("{9A19103F-16F7-4668-BE54-9A1E7A4F7556}") = "Quibble.CSharp.UnitTests", "src\Quibble.CSharp.UnitTests\Quibble.CSharp.UnitTests.csproj", "{CF5AA947-F3D7-4591-8ED4-47CD7A1581EE}"
EndProject
Project("{6EC3EE1D-3C4E-46DD-8F32-0CC8E7565705}") = "Quibble.FSharp.UnitTests", "src\Quibble.FSharp.UnitTests\Quibble.FSharp.UnitTests.fsproj", "{FA0C9F7F-BEA5-4E25-81DA-93B15CED49F4}"
EndProject
Project("{F2A71F9B-5D33-465A-A702-920D77279786}") = "Quibble.FSharp.Examples", "src\Quibble.FSharp.Examples\Quibble.FSharp.Examples.fsproj", "{F69EB166-780A-4648-89CA-0E8B082AB93F}"
EndProject
Global
	GlobalSection(SolutionConfigurationPlatforms) = preSolution
		Debug|Any CPU = Debug|Any CPU
		Release|Any CPU = Release|Any CPU
	EndGlobalSection
	GlobalSection(ProjectConfigurationPlatforms) = postSolution
		{B7729F25-CB39-4699-922D-84232BD7C8BB}.Debug|Any CPU.ActiveCfg = Debug|Any CPU
		{B7729F25-CB39-4699-922D-84232BD7C8BB}.Debug|Any CPU.Build.0 = Debug|Any CPU
		{B7729F25-CB39-4699-922D-84232BD7C8BB}.Release|Any CPU.ActiveCfg = Release|Any CPU
		{B7729F25-CB39-4699-922D-84232BD7C8BB}.Release|Any CPU.Build.0 = Release|Any CPU
		{CF5AA947-F3D7-4591-8ED4-47CD7A1581EE}.Debug|Any CPU.ActiveCfg = Debug|Any CPU
		{CF5AA947-F3D7-4591-8ED4-47CD7A1581EE}.Debug|Any CPU.Build.0 = Debug|Any CPU
		{CF5AA947-F3D7-4591-8ED4-47CD7A1581EE}.Release|Any CPU.ActiveCfg = Release|Any CPU
		{CF5AA947-F3D7-4591-8ED4-47CD7A1581EE}.Release|Any CPU.Build.0 = Release|Any CPU
		{FA0C9F7F-BEA5-4E25-81DA-93B15CED49F4}.Debug|Any CPU.ActiveCfg = Debug|Any CPU
		{FA0C9F7F-BEA5-4E25-81DA-93B15CED49F4}.Debug|Any CPU.Build.0 = Debug|Any CPU
		{FA0C9F7F-BEA5-4E25-81DA-93B15CED49F4}.Release|Any CPU.ActiveCfg = Release|Any CPU
		{FA0C9F7F-BEA5-4E25-81DA-93B15CED49F4}.Release|Any CPU.Build.0 = Release|Any CPU
		{F69EB166-780A-4648-89CA-0E8B082AB93F}.Debug|Any CPU.ActiveCfg = Debug|Any CPU
		{F69EB166-780A-4648-89CA-0E8B082AB93F}.Debug|Any CPU.Build.0 = Debug|Any CPU
		{F69EB166-780A-4648-89CA-0E8B082AB93F}.Release|Any CPU.ActiveCfg = Release|Any CPU
		{F69EB166-780A-4648-89CA-0E8B082AB93F}.Release|Any CPU.Build.0 = Release|Any CPU
	EndGlobalSection
	GlobalSection(SolutionProperties) = preSolution
		HideSolutionNode = FALSE
	EndGlobalSection
	GlobalSection(ExtensibilityGlobals) = postSolution
		SolutionGuid = {41A93E75-D4AE-4661-8D19-BD4790224038}
	EndGlobalSection
EndGlobal
